// !$*UTF8*$!
{
	archiveVersion = 1;
	classes = {
	};
	objectVersion = 46;
	objects = {

/* Begin PBXBuildFile section */
		CDDE7A3B18729ABA0014680D /* Foundation.framework in Frameworks */ = {isa = PBXBuildFile; fileRef = CDDE7A3A18729ABA0014680D /* Foundation.framework */; };
		CDDE7A3D18729ABA0014680D /* CoreGraphics.framework in Frameworks */ = {isa = PBXBuildFile; fileRef = CDDE7A3C18729ABA0014680D /* CoreGraphics.framework */; };
		CDDE7A3F18729ABA0014680D /* UIKit.framework in Frameworks */ = {isa = PBXBuildFile; fileRef = CDDE7A3E18729ABA0014680D /* UIKit.framework */; };
		CDDE7A4118729ABA0014680D /* CoreData.framework in Frameworks */ = {isa = PBXBuildFile; fileRef = CDDE7A4018729ABA0014680D /* CoreData.framework */; };
		CDDE7A4718729ABA0014680D /* InfoPlist.strings in Resources */ = {isa = PBXBuildFile; fileRef = CDDE7A4518729ABA0014680D /* InfoPlist.strings */; };
		CDDE7A4918729ABA0014680D /* main.m in Sources */ = {isa = PBXBuildFile; fileRef = CDDE7A4818729ABA0014680D /* main.m */; };
		CDDE7A4D18729ABA0014680D /* AppDelegate.m in Sources */ = {isa = PBXBuildFile; fileRef = CDDE7A4C18729ABA0014680D /* AppDelegate.m */; };
		CDDE7A5018729ABA0014680D /* CoreData.xcdatamodeld in Sources */ = {isa = PBXBuildFile; fileRef = CDDE7A4E18729ABA0014680D /* CoreData.xcdatamodeld */; };
		CDDE7A5218729ABA0014680D /* Images.xcassets in Resources */ = {isa = PBXBuildFile; fileRef = CDDE7A5118729ABA0014680D /* Images.xcassets */; };
		CDDE7A5918729ABA0014680D /* XCTest.framework in Frameworks */ = {isa = PBXBuildFile; fileRef = CDDE7A5818729ABA0014680D /* XCTest.framework */; };
		CDDE7A5A18729ABA0014680D /* Foundation.framework in Frameworks */ = {isa = PBXBuildFile; fileRef = CDDE7A3A18729ABA0014680D /* Foundation.framework */; };
		CDDE7A5B18729ABA0014680D /* UIKit.framework in Frameworks */ = {isa = PBXBuildFile; fileRef = CDDE7A3E18729ABA0014680D /* UIKit.framework */; };
		CDDE7A5C18729ABA0014680D /* CoreData.framework in Frameworks */ = {isa = PBXBuildFile; fileRef = CDDE7A4018729ABA0014680D /* CoreData.framework */; };
		CDDE7A6418729ABA0014680D /* InfoPlist.strings in Resources */ = {isa = PBXBuildFile; fileRef = CDDE7A6218729ABA0014680D /* InfoPlist.strings */; };
		CDDE7A6618729ABA0014680D /* CoreDataTests.m in Sources */ = {isa = PBXBuildFile; fileRef = CDDE7A6518729ABA0014680D /* CoreDataTests.m */; };
/* End PBXBuildFile section */

/* Begin PBXContainerItemProxy section */
		CDDE7A5D18729ABA0014680D /* PBXContainerItemProxy */ = {
			isa = PBXContainerItemProxy;
			containerPortal = CDDE7A2F18729ABA0014680D /* Project object */;
			proxyType = 1;
			remoteGlobalIDString = CDDE7A3618729ABA0014680D;
			remoteInfo = CoreData;
		};
/* End PBXContainerItemProxy section */

/* Begin PBXFileReference section */
		CDDE7A3718729ABA0014680D /* CoreData.app */ = {isa = PBXFileReference; explicitFileType = wrapper.application; includeInIndex = 0; path = CoreData.app; sourceTree = BUILT_PRODUCTS_DIR; };
		CDDE7A3A18729ABA0014680D /* Foundation.framework */ = {isa = PBXFileReference; lastKnownFileType = wrapper.framework; name = Foundation.framework; path = System/Library/Frameworks/Foundation.framework; sourceTree = SDKROOT; };
		CDDE7A3C18729ABA0014680D /* CoreGraphics.framework */ = {isa = PBXFileReference; lastKnownFileType = wrapper.framework; name = CoreGraphics.framework; path = System/Library/Frameworks/CoreGraphics.framework; sourceTree = SDKROOT; };
		CDDE7A3E18729ABA0014680D /* UIKit.framework */ = {isa = PBXFileReference; lastKnownFileType = wrapper.framework; name = UIKit.framework; path = System/Library/Frameworks/UIKit.framework; sourceTree = SDKROOT; };
		CDDE7A4018729ABA0014680D /* CoreData.framework */ = {isa = PBXFileReference; lastKnownFileType = wrapper.framework; name = CoreData.framework; path = System/Library/Frameworks/CoreData.framework; sourceTree = SDKROOT; };
		CDDE7A4418729ABA0014680D /* CoreData-Info.plist */ = {isa = PBXFileReference; lastKnownFileType = text.plist.xml; path = "CoreData-Info.plist"; sourceTree = "<group>"; };
		CDDE7A4618729ABA0014680D /* en */ = {isa = PBXFileReference; lastKnownFileType = text.plist.strings; name = en; path = en.lproj/InfoPlist.strings; sourceTree = "<group>"; };
		CDDE7A4818729ABA0014680D /* main.m */ = {isa = PBXFileReference; lastKnownFileType = sourcecode.c.objc; path = main.m; sourceTree = "<group>"; };
		CDDE7A4A18729ABA0014680D /* CoreData-Prefix.pch */ = {isa = PBXFileReference; lastKnownFileType = sourcecode.c.h; path = "CoreData-Prefix.pch"; sourceTree = "<group>"; };
		CDDE7A4B18729ABA0014680D /* AppDelegate.h */ = {isa = PBXFileReference; lastKnownFileType = sourcecode.c.h; path = AppDelegate.h; sourceTree = "<group>"; };
		CDDE7A4C18729ABA0014680D /* AppDelegate.m */ = {isa = PBXFileReference; lastKnownFileType = sourcecode.c.objc; path = AppDelegate.m; sourceTree = "<group>"; };
		CDDE7A4F18729ABA0014680D /* CoreData.xcdatamodel */ = {isa = PBXFileReference; lastKnownFileType = wrapper.xcdatamodel; path = CoreData.xcdatamodel; sourceTree = "<group>"; };
		CDDE7A5118729ABA0014680D /* Images.xcassets */ = {isa = PBXFileReference; lastKnownFileType = folder.assetcatalog; path = Images.xcassets; sourceTree = "<group>"; };
		CDDE7A5718729ABA0014680D /* CoreDataTests.xctest */ = {isa = PBXFileReference; explicitFileType = wrapper.cfbundle; includeInIndex = 0; path = CoreDataTests.xctest; sourceTree = BUILT_PRODUCTS_DIR; };
		CDDE7A5818729ABA0014680D /* XCTest.framework */ = {isa = PBXFileReference; lastKnownFileType = wrapper.framework; name = XCTest.framework; path = Library/Frameworks/XCTest.framework; sourceTree = DEVELOPER_DIR; };
		CDDE7A6118729ABA0014680D /* CoreDataTests-Info.plist */ = {isa = PBXFileReference; lastKnownFileType = text.plist.xml; path = "CoreDataTests-Info.plist"; sourceTree = "<group>"; };
		CDDE7A6318729ABA0014680D /* en */ = {isa = PBXFileReference; lastKnownFileType = text.plist.strings; name = en; path = en.lproj/InfoPlist.strings; sourceTree = "<group>"; };
		CDDE7A6518729ABA0014680D /* CoreDataTests.m */ = {isa = PBXFileReference; lastKnownFileType = sourcecode.c.objc; path = CoreDataTests.m; sourceTree = "<group>"; };
/* End PBXFileReference section */

/* Begin PBXFrameworksBuildPhase section */
		CDDE7A3418729ABA0014680D /* Frameworks */ = {
			isa = PBXFrameworksBuildPhase;
			buildActionMask = 2147483647;
			files = (
				CDDE7A3D18729ABA0014680D /* CoreGraphics.framework in Frameworks */,
				CDDE7A4118729ABA0014680D /* CoreData.framework in Frameworks */,
				CDDE7A3F18729ABA0014680D /* UIKit.framework in Frameworks */,
				CDDE7A3B18729ABA0014680D /* Foundation.framework in Frameworks */,
			);
			runOnlyForDeploymentPostprocessing = 0;
		};
		CDDE7A5418729ABA0014680D /* Frameworks */ = {
			isa = PBXFrameworksBuildPhase;
			buildActionMask = 2147483647;
			files = (
				CDDE7A5918729ABA0014680D /* XCTest.framework in Frameworks */,
				CDDE7A5C18729ABA0014680D /* CoreData.framework in Frameworks */,
				CDDE7A5B18729ABA0014680D /* UIKit.framework in Frameworks */,
				CDDE7A5A18729ABA0014680D /* Foundation.framework in Frameworks */,
			);
			runOnlyForDeploymentPostprocessing = 0;
		};
/* End PBXFrameworksBuildPhase section */

/* Begin PBXGroup section */
		CDDE7A2E18729ABA0014680D = {
			isa = PBXGroup;
			children = (
				CDDE7A4218729ABA0014680D /* CoreData */,
				CDDE7A5F18729ABA0014680D /* CoreDataTests */,
				CDDE7A3918729ABA0014680D /* Frameworks */,
				CDDE7A3818729ABA0014680D /* Products */,
			);
			sourceTree = "<group>";
		};
		CDDE7A3818729ABA0014680D /* Products */ = {
			isa = PBXGroup;
			children = (
				CDDE7A3718729ABA0014680D /* CoreData.app */,
				CDDE7A5718729ABA0014680D /* CoreDataTests.xctest */,
			);
			name = Products;
			sourceTree = "<group>";
		};
		CDDE7A3918729ABA0014680D /* Frameworks */ = {
			isa = PBXGroup;
			children = (
				CDDE7A3A18729ABA0014680D /* Foundation.framework */,
				CDDE7A3C18729ABA0014680D /* CoreGraphics.framework */,
				CDDE7A3E18729ABA0014680D /* UIKit.framework */,
				CDDE7A4018729ABA0014680D /* CoreData.framework */,
				CDDE7A5818729ABA0014680D /* XCTest.framework */,
			);
			name = Frameworks;
			sourceTree = "<group>";
		};
		CDDE7A4218729ABA0014680D /* CoreData */ = {
			isa = PBXGroup;
			children = (
				CDDE7A4B18729ABA0014680D /* AppDelegate.h */,
				CDDE7A4C18729ABA0014680D /* AppDelegate.m */,
				CDDE7A5118729ABA0014680D /* Images.xcassets */,
				CDDE7A4E18729ABA0014680D /* CoreData.xcdatamodeld */,
				CDDE7A4318729ABA0014680D /* Supporting Files */,
			);
			path = CoreData;
			sourceTree = "<group>";
		};
		CDDE7A4318729ABA0014680D /* Supporting Files */ = {
			isa = PBXGroup;
			children = (
				CDDE7A4418729ABA0014680D /* CoreData-Info.plist */,
				CDDE7A4518729ABA0014680D /* InfoPlist.strings */,
				CDDE7A4818729ABA0014680D /* main.m */,
				CDDE7A4A18729ABA0014680D /* CoreData-Prefix.pch */,
			);
			name = "Supporting Files";
			sourceTree = "<group>";
		};
		CDDE7A5F18729ABA0014680D /* CoreDataTests */ = {
			isa = PBXGroup;
			children = (
				CDDE7A6518729ABA0014680D /* CoreDataTests.m */,
				CDDE7A6018729ABA0014680D /* Supporting Files */,
			);
			path = CoreDataTests;
			sourceTree = "<group>";
		};
		CDDE7A6018729ABA0014680D /* Supporting Files */ = {
			isa = PBXGroup;
			children = (
				CDDE7A6118729ABA0014680D /* CoreDataTests-Info.plist */,
				CDDE7A6218729ABA0014680D /* InfoPlist.strings */,
			);
			name = "Supporting Files";
			sourceTree = "<group>";
		};
/* End PBXGroup section */

/* Begin PBXNativeTarget section */
		CDDE7A3618729ABA0014680D /* CoreData */ = {
			isa = PBXNativeTarget;
			buildConfigurationList = CDDE7A6918729ABA0014680D /* Build configuration list for PBXNativeTarget "CoreData" */;
			buildPhases = (
				CDDE7A3318729ABA0014680D /* Sources */,
				CDDE7A3418729ABA0014680D /* Frameworks */,
				CDDE7A3518729ABA0014680D /* Resources */,
			);
			buildRules = (
			);
			dependencies = (
			);
			name = CoreData;
			productName = CoreData;
			productReference = CDDE7A3718729ABA0014680D /* CoreData.app */;
			productType = "com.apple.product-type.application";
		};
		CDDE7A5618729ABA0014680D /* CoreDataTests */ = {
			isa = PBXNativeTarget;
			buildConfigurationList = CDDE7A6C18729ABA0014680D /* Build configuration list for PBXNativeTarget "CoreDataTests" */;
			buildPhases = (
				CDDE7A5318729ABA0014680D /* Sources */,
				CDDE7A5418729ABA0014680D /* Frameworks */,
				CDDE7A5518729ABA0014680D /* Resources */,
			);
			buildRules = (
			);
			dependencies = (
				CDDE7A5E18729ABA0014680D /* PBXTargetDependency */,
			);
			name = CoreDataTests;
			productName = CoreDataTests;
			productReference = CDDE7A5718729ABA0014680D /* CoreDataTests.xctest */;
			productType = "com.apple.product-type.bundle.unit-test";
		};
/* End PBXNativeTarget section */

/* Begin PBXProject section */
		CDDE7A2F18729ABA0014680D /* Project object */ = {
			isa = PBXProject;
			attributes = {
				LastUpgradeCheck = 0500;
				ORGANIZATIONNAME = "刘杨";
				TargetAttributes = {
					CDDE7A5618729ABA0014680D = {
						TestTargetID = CDDE7A3618729ABA0014680D;
					};
				};
			};
			buildConfigurationList = CDDE7A3218729ABA0014680D /* Build configuration list for PBXProject "CoreData" */;
			compatibilityVersion = "Xcode 3.2";
			developmentRegion = English;
			hasScannedForEncodings = 0;
			knownRegions = (
				en,
			);
			mainGroup = CDDE7A2E18729ABA0014680D;
			productRefGroup = CDDE7A3818729ABA0014680D /* Products */;
			projectDirPath = "";
			projectRoot = "";
			targets = (
				CDDE7A3618729ABA0014680D /* CoreData */,
				CDDE7A5618729ABA0014680D /* CoreDataTests */,
			);
		};
/* End PBXProject section */

/* Begin PBXResourcesBuildPhase section */
		CDDE7A3518729ABA0014680D /* Resources */ = {
			isa = PBXResourcesBuildPhase;
			buildActionMask = 2147483647;
			files = (
				CDDE7A4718729ABA0014680D /* InfoPlist.strings in Resources */,
				CDDE7A5218729ABA0014680D /* Images.xcassets in Resources */,
			);
			runOnlyForDeploymentPostprocessing = 0;
		};
		CDDE7A5518729ABA0014680D /* Resources */ = {
			isa = PBXResourcesBuildPhase;
			buildActionMask = 2147483647;
			files = (
				CDDE7A6418729ABA0014680D /* InfoPlist.strings in Resources */,
			);
			runOnlyForDeploymentPostprocessing = 0;
		};
/* End PBXResourcesBuildPhase section */

/* Begin PBXSourcesBuildPhase section */
		CDDE7A3318729ABA0014680D /* Sources */ = {
			isa = PBXSourcesBuildPhase;
			buildActionMask = 2147483647;
			files = (
				CDDE7A4D18729ABA0014680D /* AppDelegate.m in Sources */,
				CDDE7A4918729ABA0014680D /* main.m in Sources */,
				CDDE7A5018729ABA0014680D /* CoreData.xcdatamodeld in Sources */,
			);
			runOnlyForDeploymentPostprocessing = 0;
		};
		CDDE7A5318729ABA0014680D /* Sources */ = {
			isa = PBXSourcesBuildPhase;
			buildActionMask = 2147483647;
			files = (
				CDDE7A6618729ABA0014680D /* CoreDataTests.m in Sources */,
			);
			runOnlyForDeploymentPostprocessing = 0;
		};
/* End PBXSourcesBuildPhase section */

/* Begin PBXTargetDependency section */
		CDDE7A5E18729ABA0014680D /* PBXTargetDependency */ = {
			isa = PBXTargetDependency;
			target = CDDE7A3618729ABA0014680D /* CoreData */;
			targetProxy = CDDE7A5D18729ABA0014680D /* PBXContainerItemProxy */;
		};
/* End PBXTargetDependency section */

/* Begin PBXVariantGroup section */
		CDDE7A4518729ABA0014680D /* InfoPlist.strings */ = {
			isa = PBXVariantGroup;
			children = (
				CDDE7A4618729ABA0014680D /* en */,
			);
			name = InfoPlist.strings;
			sourceTree = "<group>";
		};
		CDDE7A6218729ABA0014680D /* InfoPlist.strings */ = {
			isa = PBXVariantGroup;
			children = (
				CDDE7A6318729ABA0014680D /* en */,
			);
			name = InfoPlist.strings;
			sourceTree = "<group>";
		};
/* End PBXVariantGroup section */

/* Begin XCBuildConfiguration section */
		CDDE7A6718729ABA0014680D /* Debug */ = {
			isa = XCBuildConfiguration;
			buildSettings = {
				ALWAYS_SEARCH_USER_PATHS = NO;
				ARCHS = "$(ARCHS_STANDARD_INCLUDING_64_BIT)";
				CLANG_CXX_LANGUAGE_STANDARD = "gnu++0x";
				CLANG_CXX_LIBRARY = "libc++";
				CLANG_ENABLE_MODULES = YES;
				CLANG_ENABLE_OBJC_ARC = YES;
				CLANG_WARN_BOOL_CONVERSION = YES;
				CLANG_WARN_CONSTANT_CONVERSION = YES;
				CLANG_WARN_DIRECT_OBJC_ISA_USAGE = YES_ERROR;
				CLANG_WARN_EMPTY_BODY = YES;
				CLANG_WARN_ENUM_CONVERSION = YES;
				CLANG_WARN_INT_CONVERSION = YES;
				CLANG_WARN_OBJC_ROOT_CLASS = YES_ERROR;
				CLANG_WARN__DUPLICATE_METHOD_MATCH = YES;
				"CODE_SIGN_IDENTITY[sdk=iphoneos*]" = "iPhone Developer";
				COPY_PHASE_STRIP = NO;
				GCC_C_LANGUAGE_STANDARD = gnu99;
				GCC_DYNAMIC_NO_PIC = NO;
				GCC_OPTIMIZATION_LEVEL = 0;
				GCC_PREPROCESSOR_DEFINITIONS = (
					"DEBUG=1",
					"$(inherited)",
				);
				GCC_SYMBOLS_PRIVATE_EXTERN = NO;
				GCC_WARN_64_TO_32_BIT_CONVERSION = YES;
				GCC_WARN_ABOUT_RETURN_TYPE = YES_ERROR;
				GCC_WARN_UNDECLARED_SELECTOR = YES;
				GCC_WARN_UNINITIALIZED_AUTOS = YES;
				GCC_WARN_UNUSED_FUNCTION = YES;
				GCC_WARN_UNUSED_VARIABLE = YES;
				IPHONEOS_DEPLOYMENT_TARGET = 7.0;
				ONLY_ACTIVE_ARCH = YES;
				SDKROOT = iphoneos;
			};
			name = Debug;
		};
		CDDE7A6818729ABA0014680D /* Release */ = {
			isa = XCBuildConfiguration;
			buildSettings = {
				ALWAYS_SEARCH_USER_PATHS = NO;
				ARCHS = "$(ARCHS_STANDARD_INCLUDING_64_BIT)";
				CLANG_CXX_LANGUAGE_STANDARD = "gnu++0x";
				CLANG_CXX_LIBRARY = "libc++";
				CLANG_ENABLE_MODULES = YES;
				CLANG_ENABLE_OBJC_ARC = YES;
				CLANG_WARN_BOOL_CONVERSION = YES;
				CLANG_WARN_CONSTANT_CONVERSION = YES;
				CLANG_WARN_DIRECT_OBJC_ISA_USAGE = YES_ERROR;
				CLANG_WARN_EMPTY_BODY = YES;
				CLANG_WARN_ENUM_CONVERSION = YES;
				CLANG_WARN_INT_CONVERSION = YES;
				CLANG_WARN_OBJC_ROOT_CLASS = YES_ERROR;
				CLANG_WARN__DUPLICATE_METHOD_MATCH = YES;
				"CODE_SIGN_IDENTITY[sdk=iphoneos*]" = "iPhone Developer";
				COPY_PHASE_STRIP = YES;
				ENABLE_NS_ASSERTIONS = NO;
				GCC_C_LANGUAGE_STANDARD = gnu99;
				GCC_WARN_64_TO_32_BIT_CONVERSION = YES;
				GCC_WARN_ABOUT_RETURN_TYPE = YES_ERROR;
				GCC_WARN_UNDECLARED_SELECTOR = YES;
				GCC_WARN_UNINITIALIZED_AUTOS = YES;
				GCC_WARN_UNUSED_FUNCTION = YES;
				GCC_WARN_UNUSED_VARIABLE = YES;
				IPHONEOS_DEPLOYMENT_TARGET = 7.0;
				SDKROOT = iphoneos;
				VALIDATE_PRODUCT = YES;
			};
			name = Release;
		};
		CDDE7A6A18729ABA0014680D /* Debug */ = {
			isa = XCBuildConfiguration;
			buildSettings = {
				ASSETCATALOG_COMPILER_APPICON_NAME = AppIcon;
				ASSETCATALOG_COMPILER_LAUNCHIMAGE_NAME = LaunchImage;
				GCC_PRECOMPILE_PREFIX_HEADER = YES;
				GCC_PREFIX_HEADER = "CoreData/CoreData-Prefix.pch";
				INFOPLIST_FILE = "CoreData/CoreData-Info.plist";
				PRODUCT_NAME = "$(TARGET_NAME)";
				WRAPPER_EXTENSION = app;
			};
			name = Debug;
		};
		CDDE7A6B18729ABA0014680D /* Release */ = {
			isa = XCBuildConfiguration;
			buildSettings = {
				ASSETCATALOG_COMPILER_APPICON_NAME = AppIcon;
				ASSETCATALOG_COMPILER_LAUNCHIMAGE_NAME = LaunchImage;
				GCC_PRECOMPILE_PREFIX_HEADER = YES;
				GCC_PREFIX_HEADER = "CoreData/CoreData-Prefix.pch";
				INFOPLIST_FILE = "CoreData/CoreData-Info.plist";
				PRODUCT_NAME = "$(TARGET_NAME)";
				WRAPPER_EXTENSION = app;
			};
			name = Release;
		};
		CDDE7A6D18729ABA0014680D /* Debug */ = {
			isa = XCBuildConfiguration;
			buildSettings = {
				ARCHS = "$(ARCHS_STANDARD_INCLUDING_64_BIT)";
				BUNDLE_LOADER = "$(BUILT_PRODUCTS_DIR)/CoreData.app/CoreData";
				FRAMEWORK_SEARCH_PATHS = (
					"$(SDKROOT)/Developer/Library/Frameworks",
					"$(inherited)",
					"$(DEVELOPER_FRAMEWORKS_DIR)",
				);
				GCC_PRECOMPILE_PREFIX_HEADER = YES;
				GCC_PREFIX_HEADER = "CoreData/CoreData-Prefix.pch";
				GCC_PREPROCESSOR_DEFINITIONS = (
					"DEBUG=1",
					"$(inherited)",
				);
				INFOPLIST_FILE = "CoreDataTests/CoreDataTests-Info.plist";
				PRODUCT_NAME = "$(TARGET_NAME)";
				TEST_HOST = "$(BUNDLE_LOADER)";
				WRAPPER_EXTENSION = xctest;
			};
			name = Debug;
		};
		CDDE7A6E18729ABA0014680D /* Release */ = {
			isa = XCBuildConfiguration;
			buildSettings = {
				ARCHS = "$(ARCHS_STANDARD_INCLUDING_64_BIT)";
				BUNDLE_LOADER = "$(BUILT_PRODUCTS_DIR)/CoreData.app/CoreData";
				FRAMEWORK_SEARCH_PATHS = (
					"$(SDKROOT)/Developer/Library/Frameworks",
					"$(inherited)",
					"$(DEVELOPER_FRAMEWORKS_DIR)",
				);
				GCC_PRECOMPILE_PREFIX_HEADER = YES;
				GCC_PREFIX_HEADER = "CoreData/CoreData-Prefix.pch";
				INFOPLIST_FILE = "CoreDataTests/CoreDataTests-Info.plist";
				PRODUCT_NAME = "$(TARGET_NAME)";
				TEST_HOST = "$(BUNDLE_LOADER)";
				WRAPPER_EXTENSION = xctest;
			};
			name = Release;
		};
/* End XCBuildConfiguration section */

/* Begin XCConfigurationList section */
		CDDE7A3218729ABA0014680D /* Build configuration list for PBXProject "CoreData" */ = {
			isa = XCConfigurationList;
			buildConfigurations = (
				CDDE7A6718729ABA0014680D /* Debug */,
				CDDE7A6818729ABA0014680D /* Release */,
			);
			defaultConfigurationIsVisible = 0;
			defaultConfigurationName = Release;
		};
		CDDE7A6918729ABA0014680D /* Build configuration list for PBXNativeTarget "CoreData" */ = {
			isa = XCConfigurationList;
			buildConfigurations = (
				CDDE7A6A18729ABA0014680D /* Debug */,
				CDDE7A6B18729ABA0014680D /* Release */,
			);
			defaultConfigurationIsVisible = 0;
		};
		CDDE7A6C18729ABA0014680D /* Build configuration list for PBXNativeTarget "CoreDataTests" */ = {
			isa = XCConfigurationList;
			buildConfigurations = (
				CDDE7A6D18729ABA0014680D /* Debug */,
				CDDE7A6E18729ABA0014680D /* Release */,
			);
			defaultConfigurationIsVisible = 0;
		};
/* End XCConfigurationList section */

/* Begin XCVersionGroup section */
		CDDE7A4E18729ABA0014680D /* CoreData.xcdatamodeld */ = {
			isa = XCVersionGroup;
			children = (
				CDDE7A4F18729ABA0014680D /* CoreData.xcdatamodel */,
			);
			currentVersion = CDDE7A4F18729ABA0014680D /* CoreData.xcdatamodel */;
			path = CoreData.xcdatamodeld;
			sourceTree = "<group>";
			versionGroupType = wrapper.xcdatamodel;
		};
/* End XCVersionGroup section */
	};
	rootObject = CDDE7A2F18729ABA0014680D /* Project object */;
}
